format_version = 1

dependency_hash = "85d601168bff656a"

[[packages]]
name = "support"
root = "support"
provenance = { kind = "workspace" }
dependencies = []
build_dependencies = []
dev_dependencies = []

[[packages]]
name = "app"
root = "app"
provenance = { kind = "workspace" }
dependencies = [{ name = "support", package = { name = "support" } }]
build_dependencies = []
dev_dependencies = []
