format_version = 1

dependency_hash = "ef159284db3ecbf6"

[[packages]]
name = "std"
root = "std"
provenance = { kind = "workspace" }
dependencies = []
build_dependencies = []
dev_dependencies = []

[[packages]]
name = "app"
root = "app"
provenance = { kind = "workspace" }
dependencies = [{ name = "std", package = { name = "std" } }]
build_dependencies = []
dev_dependencies = []
