format_version = 1

dependency_hash = "60d03f908734012d"

[[packages]]
name = "shadow"
root = "shadow"
provenance = { kind = "workspace" }
dependencies = []
build_dependencies = []
dev_dependencies = []

[[packages]]
name = "app"
root = "app"
provenance = { kind = "workspace" }
dependencies = [{ name = "shadow", package = { name = "shadow" } }]
build_dependencies = []
dev_dependencies = []
