format_version = 1

dependency_hash = "961f187d0dc5e99c"

[[packages]]
name = "syn"
root = "packages/syn"
provenance = { kind = "workspace" }
dependencies = [{ name = "colors", package = { name = "colors" } }, { name = "std", package = { name = "std" } }, { name = "tty", package = { name = "tty" } }]
build_dependencies = []
dev_dependencies = []

[[packages]]
name = "typ"
root = "packages/typ"
provenance = { kind = "workspace" }
dependencies = [{ name = "contentstore", package = { name = "contentstore" } }, { name = "serde", package = { name = "serde" } }, { name = "std", package = { name = "std" } }, { name = "syn", package = { name = "syn" } }]
build_dependencies = []
dev_dependencies = []

[[packages]]
name = "blink"
root = "packages/blink"
provenance = { kind = "workspace" }
dependencies = [{ name = "http", package = { name = "http" } }, { name = "std", package = { name = "std" } }]
build_dependencies = []
dev_dependencies = []

[[packages]]
name = "colors"
root = "packages/colors"
provenance = { kind = "workspace" }
dependencies = [{ name = "std", package = { name = "std" } }]
build_dependencies = []
dev_dependencies = []

[[packages]]
name = "contentstore"
root = "packages/contentstore"
provenance = { kind = "workspace" }
dependencies = [{ name = "std", package = { name = "std" } }]
build_dependencies = []
dev_dependencies = [{ name = "propane", package = { name = "propane" } }]

[[packages]]
name = "docker-client"
root = "packages/docker-client"
provenance = { kind = "workspace" }
dependencies = [{ name = "blink", package = { name = "blink" } }, { name = "serde", package = { name = "serde" } }, { name = "serde-json", package = { name = "serde-json" } }, { name = "std", package = { name = "std" } }]
build_dependencies = []
dev_dependencies = []

[[packages]]
name = "dotenv"
root = "packages/dotenv"
provenance = { kind = "workspace" }
dependencies = [{ name = "std", package = { name = "std" } }]
build_dependencies = []
dev_dependencies = [{ name = "propane", package = { name = "propane" } }]

[[packages]]
name = "fixme"
root = "packages/fixme"
provenance = { kind = "workspace" }
dependencies = [{ name = "std", package = { name = "std" } }, { name = "syn", package = { name = "syn" } }]
build_dependencies = []
dev_dependencies = []

[[packages]]
name = "gooey"
root = "packages/gooey"
provenance = { kind = "workspace" }
dependencies = [{ name = "colors", package = { name = "colors" } }, { name = "std", package = { name = "std" } }, { name = "tty", package = { name = "tty" } }]
build_dependencies = []
dev_dependencies = []

[[packages]]
name = "http"
root = "packages/http"
provenance = { kind = "workspace" }
dependencies = [{ name = "propane", package = { name = "propane" } }, { name = "std", package = { name = "std" } }]
build_dependencies = []
dev_dependencies = []

[[packages]]
name = "human-units"
root = "packages/human-units"
provenance = { kind = "workspace" }
dependencies = [{ name = "std", package = { name = "std" } }]
build_dependencies = []
dev_dependencies = [{ name = "propane", package = { name = "propane" } }]

[[packages]]
name = "ignore"
root = "packages/ignore"
provenance = { kind = "workspace" }
dependencies = [{ name = "std", package = { name = "std" } }]
build_dependencies = []
dev_dependencies = []

[[packages]]
name = "jollyroger"
root = "packages/jollyroger"
provenance = { kind = "workspace" }
dependencies = [{ name = "std", package = { name = "std" } }, { name = "tty", package = { name = "tty" } }]
build_dependencies = []
dev_dependencies = []

[[packages]]
name = "jsonrpc"
root = "packages/jsonrpc"
provenance = { kind = "workspace" }
dependencies = [{ name = "std", package = { name = "std" } }]
build_dependencies = []
dev_dependencies = []

[[packages]]
name = "kernel"
root = "packages/kernel"
provenance = { kind = "workspace" }
dependencies = []
build_dependencies = [{ name = "fixme", package = { name = "fixme" } }]
dev_dependencies = [{ name = "propane", package = { name = "propane" } }, { name = "std", package = { name = "std" } }]

[[packages]]
name = "krasny"
root = "packages/krasny"
provenance = { kind = "workspace" }
dependencies = [{ name = "std", package = { name = "std" } }, { name = "syn", package = { name = "syn" } }]
build_dependencies = []
dev_dependencies = []

[[packages]]
name = "lsp"
root = "packages/lsp"
provenance = { kind = "workspace" }
dependencies = [{ name = "jsonrpc", package = { name = "jsonrpc" } }, { name = "std", package = { name = "std" } }]
build_dependencies = []
dev_dependencies = []

[[packages]]
name = "markdown"
root = "packages/markdown"
provenance = { kind = "workspace" }
dependencies = [{ name = "std", package = { name = "std" } }]
build_dependencies = []
dev_dependencies = []

[[packages]]
name = "mcp"
root = "packages/mcp"
provenance = { kind = "workspace" }
dependencies = [{ name = "jsonrpc", package = { name = "jsonrpc" } }, { name = "std", package = { name = "std" } }]
build_dependencies = []
dev_dependencies = []

[[packages]]
name = "mime"
root = "packages/mime"
provenance = { kind = "workspace" }
dependencies = [{ name = "std", package = { name = "std" } }]
build_dependencies = []
dev_dependencies = []

[[packages]]
name = "miniriot"
root = "packages/miniriot"
provenance = { kind = "workspace" }
dependencies = []
build_dependencies = []
dev_dependencies = []

[[packages]]
name = "minttea"
root = "packages/minttea"
provenance = { kind = "workspace" }
dependencies = [{ name = "colors", package = { name = "colors" } }, { name = "gooey", package = { name = "gooey" } }, { name = "std", package = { name = "std" } }, { name = "tty", package = { name = "tty" } }]
build_dependencies = [{ name = "std", package = { name = "std" } }]
dev_dependencies = []

[[packages]]
name = "mysql"
root = "packages/mysql"
provenance = { kind = "workspace" }
dependencies = [{ name = "kernel", package = { name = "kernel" } }, { name = "serde", package = { name = "serde" } }, { name = "sqlx-driver", package = { name = "sqlx-driver" } }, { name = "std", package = { name = "std" } }]
build_dependencies = []
dev_dependencies = [{ name = "dotenv", package = { name = "dotenv" } }, { name = "testcontainers", package = { name = "testcontainers" } }]

[[packages]]
name = "pkgs-ml"
root = "packages/pkgs-ml"
provenance = { kind = "workspace" }
dependencies = [{ name = "blink", package = { name = "blink" } }, { name = "std", package = { name = "std" } }]
build_dependencies = []
dev_dependencies = []

[[packages]]
name = "postgres"
root = "packages/postgres"
provenance = { kind = "workspace" }
dependencies = [{ name = "kernel", package = { name = "kernel" } }, { name = "serde", package = { name = "serde" } }, { name = "sqlx-driver", package = { name = "sqlx-driver" } }, { name = "std", package = { name = "std" } }]
build_dependencies = []
dev_dependencies = [{ name = "dotenv", package = { name = "dotenv" } }, { name = "propane", package = { name = "propane" } }, { name = "testcontainers", package = { name = "testcontainers" } }]

[[packages]]
name = "propane"
root = "packages/propane"
provenance = { kind = "workspace" }
dependencies = [{ name = "std", package = { name = "std" } }]
build_dependencies = []
dev_dependencies = []

[[packages]]
name = "pubgrub"
root = "packages/pubgrub"
provenance = { kind = "workspace" }
dependencies = [{ name = "std", package = { name = "std" } }]
build_dependencies = []
dev_dependencies = [{ name = "propane", package = { name = "propane" } }]

[[packages]]
name = "riot-build"
root = "packages/riot-build"
provenance = { kind = "workspace" }
dependencies = [{ name = "pkgs-ml", package = { name = "pkgs-ml" } }, { name = "riot-deps", package = { name = "riot-deps" } }, { name = "riot-model", package = { name = "riot-model" } }, { name = "riot-planner", package = { name = "riot-planner" } }, { name = "riot-store", package = { name = "riot-store" } }, { name = "riot-toolchain", package = { name = "riot-toolchain" } }, { name = "std", package = { name = "std" } }]
build_dependencies = []
dev_dependencies = []

[[packages]]
name = "riot-build2"
root = "packages/riot-build2"
provenance = { kind = "workspace" }
dependencies = [{ name = "riot-model", package = { name = "riot-model" } }, { name = "riot-planner", package = { name = "riot-planner" } }, { name = "riot-store", package = { name = "riot-store" } }, { name = "riot-toolchain", package = { name = "riot-toolchain" } }, { name = "serde", package = { name = "serde" } }, { name = "serde-json", package = { name = "serde-json" } }, { name = "std", package = { name = "std" } }]
build_dependencies = []
dev_dependencies = []

[[packages]]
name = "riot-cli"
root = "packages/riot-cli"
provenance = { kind = "workspace" }
dependencies = [{ name = "contentstore", package = { name = "contentstore" } }, { name = "jollyroger", package = { name = "jollyroger" } }, { name = "pkgs-ml", package = { name = "pkgs-ml" } }, { name = "riot-bench", package = { name = "riot-bench" } }, { name = "riot-build", package = { name = "riot-build" } }, { name = "riot-deps", package = { name = "riot-deps" } }, { name = "riot-doc", package = { name = "riot-doc" } }, { name = "riot-fix", package = { name = "riot-fix" } }, { name = "riot-fmt", package = { name = "riot-fmt" } }, { name = "riot-fuzz", package = { name = "riot-fuzz" } }, { name = "riot-init", package = { name = "riot-init" } }, { name = "riot-install", package = { name = "riot-install" } }, { name = "riot-lsp", package = { name = "riot-lsp" } }, { name = "riot-model", package = { name = "riot-model" } }, { name = "riot-planner", package = { name = "riot-planner" } }, { name = "riot-publish", package = { name = "riot-publish" } }, { name = "riot-run", package = { name = "riot-run" } }, { name = "riot-store", package = { name = "riot-store" } }, { name = "riot-test", package = { name = "riot-test" } }, { name = "riot-toolchain", package = { name = "riot-toolchain" } }, { name = "riot-trace", package = { name = "riot-trace" } }, { name = "serde", package = { name = "serde" } }, { name = "serde-json", package = { name = "serde-json" } }, { name = "std", package = { name = "std" } }, { name = "tty", package = { name = "tty" } }]
build_dependencies = []
dev_dependencies = []

[[packages]]
name = "riot-cmd"
root = "packages/riot-cmd"
provenance = { kind = "workspace" }
dependencies = [{ name = "std", package = { name = "std" } }]
build_dependencies = []
dev_dependencies = []

[[packages]]
name = "riot-deps"
root = "packages/riot-deps"
provenance = { kind = "workspace" }
dependencies = [{ name = "pkgs-ml", package = { name = "pkgs-ml" } }, { name = "pubgrub", package = { name = "pubgrub" } }, { name = "riot-fix", package = { name = "riot-fix" } }, { name = "riot-fmt", package = { name = "riot-fmt" } }, { name = "riot-model", package = { name = "riot-model" } }, { name = "riot-planner", package = { name = "riot-planner" } }, { name = "riot-store", package = { name = "riot-store" } }, { name = "riot-toolchain", package = { name = "riot-toolchain" } }, { name = "std", package = { name = "std" } }]
build_dependencies = []
dev_dependencies = []

[[packages]]
name = "riot-doc"
root = "packages/riot-doc"
provenance = { kind = "workspace" }
dependencies = [{ name = "markdown", package = { name = "markdown" } }, { name = "riot-deps", package = { name = "riot-deps" } }, { name = "riot-model", package = { name = "riot-model" } }, { name = "riot-planner", package = { name = "riot-planner" } }, { name = "riot-store", package = { name = "riot-store" } }, { name = "riot-toolchain", package = { name = "riot-toolchain" } }, { name = "std", package = { name = "std" } }, { name = "syn", package = { name = "syn" } }]
build_dependencies = []
dev_dependencies = []

[[packages]]
name = "riot-e2e"
root = "packages/riot-e2e"
provenance = { kind = "workspace" }
dependencies = [{ name = "riot-cli", package = { name = "riot-cli" } }, { name = "std", package = { name = "std" } }]
build_dependencies = []
dev_dependencies = []

[[packages]]
name = "riot-fix"
root = "packages/riot-fix"
provenance = { kind = "workspace" }
dependencies = [{ name = "fixme", package = { name = "fixme" } }, { name = "riot-model", package = { name = "riot-model" } }, { name = "std", package = { name = "std" } }, { name = "syn", package = { name = "syn" } }]
build_dependencies = []
dev_dependencies = []

[[packages]]
name = "riot-fmt"
root = "packages/riot-fmt"
provenance = { kind = "workspace" }
dependencies = [{ name = "krasny", package = { name = "krasny" } }, { name = "riot-model", package = { name = "riot-model" } }, { name = "std", package = { name = "std" } }, { name = "syn", package = { name = "syn" } }]
build_dependencies = []
dev_dependencies = []

[[packages]]
name = "riot-fuzz"
root = "packages/riot-fuzz"
provenance = { kind = "workspace" }
dependencies = [{ name = "riot-model", package = { name = "riot-model" } }, { name = "riot-test", package = { name = "riot-test" } }, { name = "std", package = { name = "std" } }]
build_dependencies = []
dev_dependencies = [{ name = "propane", package = { name = "propane" } }]

[[packages]]
name = "riot-init"
root = "packages/riot-init"
provenance = { kind = "workspace" }
dependencies = [{ name = "riot-model", package = { name = "riot-model" } }, { name = "std", package = { name = "std" } }]
build_dependencies = []
dev_dependencies = []

[[packages]]
name = "riot-lsp"
root = "packages/riot-lsp"
provenance = { kind = "workspace" }
dependencies = [{ name = "contentstore", package = { name = "contentstore" } }, { name = "jsonrpc", package = { name = "jsonrpc" } }, { name = "krasny", package = { name = "krasny" } }, { name = "lsp", package = { name = "lsp" } }, { name = "pkgs-ml", package = { name = "pkgs-ml" } }, { name = "riot-deps", package = { name = "riot-deps" } }, { name = "riot-fix", package = { name = "riot-fix" } }, { name = "riot-model", package = { name = "riot-model" } }, { name = "std", package = { name = "std" } }, { name = "syn", package = { name = "syn" } }, { name = "typ", package = { name = "typ" } }]
build_dependencies = []
dev_dependencies = []

[[packages]]
name = "riot-model"
root = "packages/riot-model"
provenance = { kind = "workspace" }
dependencies = [{ name = "ignore", package = { name = "ignore" } }, { name = "serde", package = { name = "serde" } }, { name = "serde-json", package = { name = "serde-json" } }, { name = "std", package = { name = "std" } }]
build_dependencies = []
dev_dependencies = []

[[packages]]
name = "riot-planner"
root = "packages/riot-planner"
provenance = { kind = "workspace" }
dependencies = [{ name = "riot-model", package = { name = "riot-model" } }, { name = "riot-store", package = { name = "riot-store" } }, { name = "riot-toolchain", package = { name = "riot-toolchain" } }, { name = "serde", package = { name = "serde" } }, { name = "serde-json", package = { name = "serde-json" } }, { name = "std", package = { name = "std" } }, { name = "syn", package = { name = "syn" } }]
build_dependencies = []
dev_dependencies = []

[[packages]]
name = "riot-publish"
root = "packages/riot-publish"
provenance = { kind = "workspace" }
dependencies = [{ name = "pkgs-ml", package = { name = "pkgs-ml" } }, { name = "riot-build", package = { name = "riot-build" } }, { name = "riot-deps", package = { name = "riot-deps" } }, { name = "riot-fix", package = { name = "riot-fix" } }, { name = "riot-fmt", package = { name = "riot-fmt" } }, { name = "riot-model", package = { name = "riot-model" } }, { name = "std", package = { name = "std" } }]
build_dependencies = []
dev_dependencies = []

[[packages]]
name = "riot-repl"
root = "packages/riot-repl"
provenance = { kind = "workspace" }
dependencies = [{ name = "std", package = { name = "std" } }]
build_dependencies = []
dev_dependencies = []

[[packages]]
name = "riot-store"
root = "packages/riot-store"
provenance = { kind = "workspace" }
dependencies = [{ name = "contentstore", package = { name = "contentstore" } }, { name = "riot-model", package = { name = "riot-model" } }, { name = "serde", package = { name = "serde" } }, { name = "serde-bin", package = { name = "serde-bin" } }, { name = "std", package = { name = "std" } }]
build_dependencies = []
dev_dependencies = []

[[packages]]
name = "riot-test"
root = "packages/riot-test"
provenance = { kind = "workspace" }
dependencies = [{ name = "riot-build", package = { name = "riot-build" } }, { name = "riot-model", package = { name = "riot-model" } }, { name = "riot-store", package = { name = "riot-store" } }, { name = "std", package = { name = "std" } }]
build_dependencies = []
dev_dependencies = []

[[packages]]
name = "riot-toolchain"
root = "packages/riot-toolchain"
provenance = { kind = "workspace" }
dependencies = [{ name = "riot-model", package = { name = "riot-model" } }, { name = "std", package = { name = "std" } }]
build_dependencies = []
dev_dependencies = []

[[packages]]
name = "riot-trace"
root = "packages/riot-trace"
provenance = { kind = "workspace" }
dependencies = [{ name = "riot-build", package = { name = "riot-build" } }, { name = "riot-model", package = { name = "riot-model" } }, { name = "riot-run", package = { name = "riot-run" } }, { name = "serde", package = { name = "serde" } }, { name = "serde-json", package = { name = "serde-json" } }, { name = "std", package = { name = "std" } }]
build_dependencies = []
dev_dependencies = []

[[packages]]
name = "serde"
root = "packages/serde"
provenance = { kind = "workspace" }
dependencies = [{ name = "std", package = { name = "std" } }]
build_dependencies = []
dev_dependencies = []

[[packages]]
name = "serde-bin"
root = "packages/serde-bin"
provenance = { kind = "workspace" }
dependencies = [{ name = "serde", package = { name = "serde" } }, { name = "std", package = { name = "std" } }]
build_dependencies = []
dev_dependencies = [{ name = "propane", package = { name = "propane" } }]

[[packages]]
name = "serde-bson"
root = "packages/serde-bson"
provenance = { kind = "workspace" }
dependencies = [{ name = "serde", package = { name = "serde" } }, { name = "std", package = { name = "std" } }]
build_dependencies = []
dev_dependencies = [{ name = "propane", package = { name = "propane" } }]

[[packages]]
name = "serde-cbor"
root = "packages/serde-cbor"
provenance = { kind = "workspace" }
dependencies = [{ name = "serde", package = { name = "serde" } }, { name = "std", package = { name = "std" } }]
build_dependencies = []
dev_dependencies = [{ name = "propane", package = { name = "propane" } }]

[[packages]]
name = "serde-json"
root = "packages/serde-json"
provenance = { kind = "workspace" }
dependencies = [{ name = "serde", package = { name = "serde" } }, { name = "std", package = { name = "std" } }]
build_dependencies = []
dev_dependencies = [{ name = "propane", package = { name = "propane" } }]

[[packages]]
name = "serde-toml"
root = "packages/serde-toml"
provenance = { kind = "workspace" }
dependencies = [{ name = "serde", package = { name = "serde" } }, { name = "std", package = { name = "std" } }]
build_dependencies = []
dev_dependencies = [{ name = "propane", package = { name = "propane" } }]

[[packages]]
name = "serde-urlencoded"
root = "packages/serde-urlencoded"
provenance = { kind = "workspace" }
dependencies = [{ name = "serde", package = { name = "serde" } }, { name = "std", package = { name = "std" } }]
build_dependencies = []
dev_dependencies = [{ name = "propane", package = { name = "propane" } }]

[[packages]]
name = "serde-yaml"
root = "packages/serde-yaml"
provenance = { kind = "workspace" }
dependencies = [{ name = "serde", package = { name = "serde" } }, { name = "std", package = { name = "std" } }]
build_dependencies = []
dev_dependencies = [{ name = "propane", package = { name = "propane" } }]

[[packages]]
name = "sqlite"
root = "packages/sqlite"
provenance = { kind = "workspace" }
dependencies = [{ name = "serde", package = { name = "serde" } }, { name = "sqlx-driver", package = { name = "sqlx-driver" } }, { name = "std", package = { name = "std" } }]
build_dependencies = []
dev_dependencies = [{ name = "propane", package = { name = "propane" } }, { name = "sqlx", package = { name = "sqlx" } }]

[[packages]]
name = "sqlx"
root = "packages/sqlx"
provenance = { kind = "workspace" }
dependencies = [{ name = "kernel", package = { name = "kernel" } }, { name = "serde", package = { name = "serde" } }, { name = "sqlx-driver", package = { name = "sqlx-driver" } }, { name = "std", package = { name = "std" } }]
build_dependencies = []
dev_dependencies = []

[[packages]]
name = "sqlx-driver"
root = "packages/sqlx-driver"
provenance = { kind = "workspace" }
dependencies = [{ name = "serde", package = { name = "serde" } }, { name = "std", package = { name = "std" } }]
build_dependencies = []
dev_dependencies = []

[[packages]]
name = "std"
root = "packages/std"
provenance = { kind = "workspace" }
dependencies = [{ name = "kernel", package = { name = "kernel" } }]
build_dependencies = [{ name = "fixme", package = { name = "fixme" } }]
dev_dependencies = [{ name = "propane", package = { name = "propane" } }]

[[packages]]
name = "suri"
root = "packages/suri"
provenance = { kind = "workspace" }
dependencies = [{ name = "blink", package = { name = "blink" } }, { name = "http", package = { name = "http" } }, { name = "std", package = { name = "std" } }]
build_dependencies = []
dev_dependencies = []

[[packages]]
name = "suri-jobs"
root = "packages/suri-jobs"
provenance = { kind = "workspace" }
dependencies = [{ name = "mysql", package = { name = "mysql" } }, { name = "postgres", package = { name = "postgres" } }, { name = "serde", package = { name = "serde" } }, { name = "serde-json", package = { name = "serde-json" } }, { name = "sqlx", package = { name = "sqlx" } }, { name = "std", package = { name = "std" } }, { name = "suri", package = { name = "suri" } }]
build_dependencies = []
dev_dependencies = [{ name = "propane", package = { name = "propane" } }, { name = "testcontainers", package = { name = "testcontainers" } }]

[[packages]]
name = "suri-mailer"
root = "packages/suri-mailer"
provenance = { kind = "workspace" }
dependencies = [{ name = "std", package = { name = "std" } }, { name = "suri", package = { name = "suri" } }]
build_dependencies = []
dev_dependencies = []

[[packages]]
name = "swisstable"
root = "packages/swisstable"
provenance = { kind = "workspace" }
dependencies = [{ name = "kernel", package = { name = "kernel" } }, { name = "propane", package = { name = "propane" } }, { name = "std", package = { name = "std" } }]
build_dependencies = []
dev_dependencies = []

[[packages]]
name = "testcontainers"
root = "packages/testcontainers"
provenance = { kind = "workspace" }
dependencies = [{ name = "docker-client", package = { name = "docker-client" } }, { name = "std", package = { name = "std" } }]
build_dependencies = []
dev_dependencies = []

[[packages]]
name = "tty"
root = "packages/tty"
provenance = { kind = "workspace" }
dependencies = [{ name = "std", package = { name = "std" } }]
build_dependencies = []
dev_dependencies = [{ name = "propane", package = { name = "propane" } }]

[[packages]]
name = "riot-bench"
root = "packages/riot-bench"
provenance = { kind = "workspace" }
dependencies = [{ name = "riot-model", package = { name = "riot-model" } }, { name = "std", package = { name = "std" } }]
build_dependencies = []
dev_dependencies = []

[[packages]]
name = "riot-install"
root = "packages/riot-install"
provenance = { kind = "workspace" }
dependencies = [{ name = "riot-build", package = { name = "riot-build" } }, { name = "riot-deps", package = { name = "riot-deps" } }, { name = "riot-model", package = { name = "riot-model" } }, { name = "riot-store", package = { name = "riot-store" } }, { name = "std", package = { name = "std" } }]
build_dependencies = []
dev_dependencies = []

[[packages]]
name = "riot-run"
root = "packages/riot-run"
provenance = { kind = "workspace" }
dependencies = [{ name = "riot-build", package = { name = "riot-build" } }, { name = "riot-deps", package = { name = "riot-deps" } }, { name = "riot-model", package = { name = "riot-model" } }, { name = "riot-store", package = { name = "riot-store" } }, { name = "std", package = { name = "std" } }]
build_dependencies = []
dev_dependencies = []
