format_version = 1

dependency_hash = "ad80db832dbe2eff"

[[packages]]
name = "blink"
root = "packages/blink"
provenance = { kind = "workspace" }
dependencies = [{ name = "actors", package = { name = "actors" } }, { name = "http", package = { name = "http" } }, { name = "std", package = { name = "std" } }]
build_dependencies = []
dev_dependencies = []

[[packages]]
name = "ceibo"
root = "packages/ceibo"
provenance = { kind = "workspace" }
dependencies = [{ name = "std", package = { name = "std" } }]
build_dependencies = []
dev_dependencies = []

[[packages]]
name = "colors"
root = "packages/colors"
provenance = { kind = "workspace" }
dependencies = [{ name = "std", package = { name = "std" } }]
build_dependencies = []
dev_dependencies = []

[[packages]]
name = "fixme"
root = "packages/fixme"
provenance = { kind = "workspace" }
dependencies = [{ name = "std", package = { name = "std" } }, { name = "syn", package = { name = "syn" } }]
build_dependencies = []
dev_dependencies = []

[[packages]]
name = "gooey"
root = "packages/gooey"
provenance = { kind = "workspace" }
dependencies = [{ name = "colors", package = { name = "colors" } }, { name = "std", package = { name = "std" } }, { name = "tty", package = { name = "tty" } }]
build_dependencies = []
dev_dependencies = []

[[packages]]
name = "hello-foreign"
root = "packages/hello-foreign"
provenance = { kind = "workspace" }
dependencies = [{ name = "std", package = { name = "std" } }]
build_dependencies = []
dev_dependencies = []

[[packages]]
name = "http"
root = "packages/http"
provenance = { kind = "workspace" }
dependencies = [{ name = "propane", package = { name = "propane" } }, { name = "std", package = { name = "std" } }]
build_dependencies = []
dev_dependencies = []

[[packages]]
name = "ignore"
root = "packages/ignore"
provenance = { kind = "workspace" }
dependencies = [{ name = "std", package = { name = "std" } }]
build_dependencies = []
dev_dependencies = []

[[packages]]
name = "jsonrpc"
root = "packages/jsonrpc"
provenance = { kind = "workspace" }
dependencies = [{ name = "std", package = { name = "std" } }]
build_dependencies = []
dev_dependencies = []

[[packages]]
name = "kernel"
root = "packages/kernel"
provenance = { kind = "workspace" }
dependencies = []
build_dependencies = []
dev_dependencies = []

[[packages]]
name = "krasny"
root = "packages/krasny"
provenance = { kind = "workspace" }
dependencies = [{ name = "std", package = { name = "std" } }, { name = "syn", package = { name = "syn" } }]
build_dependencies = []
dev_dependencies = []

[[packages]]
name = "lsp"
root = "packages/lsp"
provenance = { kind = "workspace" }
dependencies = [{ name = "jsonrpc", package = { name = "jsonrpc" } }, { name = "std", package = { name = "std" } }]
build_dependencies = []
dev_dependencies = []

[[packages]]
name = "mcp"
root = "packages/mcp"
provenance = { kind = "workspace" }
dependencies = [{ name = "jsonrpc", package = { name = "jsonrpc" } }, { name = "std", package = { name = "std" } }]
build_dependencies = []
dev_dependencies = []

[[packages]]
name = "mime"
root = "packages/mime"
provenance = { kind = "workspace" }
dependencies = [{ name = "std", package = { name = "std" } }]
build_dependencies = []
dev_dependencies = []

[[packages]]
name = "actors"
root = "packages/actors"
provenance = { kind = "workspace" }
dependencies = [{ name = "kernel", package = { name = "kernel" } }]
build_dependencies = [{ name = "fixme", package = { name = "fixme" } }]
dev_dependencies = [{ name = "propane", package = { name = "propane" } }, { name = "std", package = { name = "std" } }]

[[packages]]
name = "miniriot"
root = "packages/miniriot"
provenance = { kind = "workspace" }
dependencies = []
build_dependencies = []
dev_dependencies = []

[[packages]]
name = "minttea"
root = "packages/minttea"
provenance = { kind = "workspace" }
dependencies = [{ name = "colors", package = { name = "colors" } }, { name = "gooey", package = { name = "gooey" } }, { name = "std", package = { name = "std" } }, { name = "tty", package = { name = "tty" } }]
build_dependencies = [{ name = "std", package = { name = "std" } }]
dev_dependencies = []

[[packages]]
name = "postgres"
root = "packages/postgres"
provenance = { kind = "workspace" }
dependencies = [{ name = "kernel", package = { name = "kernel" } }, { name = "sqlx-driver", package = { name = "sqlx-driver" } }, { name = "std", package = { name = "std" } }]
build_dependencies = []
dev_dependencies = []

[[packages]]
name = "pkgs-ml"
root = "packages/pkgs-ml"
provenance = { kind = "workspace" }
dependencies = [{ name = "blink", package = { name = "blink" } }, { name = "std", package = { name = "std" } }]
build_dependencies = []
dev_dependencies = []

[[packages]]
name = "propane"
root = "packages/propane"
provenance = { kind = "workspace" }
dependencies = [{ name = "std", package = { name = "std" } }]
build_dependencies = []
dev_dependencies = []

[[packages]]
name = "pubgrub"
root = "packages/pubgrub"
provenance = { kind = "workspace" }
dependencies = [{ name = "std", package = { name = "std" } }]
build_dependencies = []
dev_dependencies = []

[[packages]]
name = "sqlite"
root = "packages/sqlite"
provenance = { kind = "workspace" }
dependencies = [{ name = "sqlx-driver", package = { name = "sqlx-driver" } }, { name = "std", package = { name = "std" } }]
build_dependencies = []
dev_dependencies = []

[[packages]]
name = "sqlx"
root = "packages/sqlx"
provenance = { kind = "workspace" }
dependencies = [{ name = "kernel", package = { name = "kernel" } }, { name = "sqlx-driver", package = { name = "sqlx-driver" } }, { name = "std", package = { name = "std" } }]
build_dependencies = []
dev_dependencies = []

[[packages]]
name = "sqlx-driver"
root = "packages/sqlx-driver"
provenance = { kind = "workspace" }
dependencies = [{ name = "std", package = { name = "std" } }]
build_dependencies = []
dev_dependencies = []

[[packages]]
name = "std"
root = "packages/std"
provenance = { kind = "workspace" }
dependencies = [{ name = "actors", package = { name = "actors" } }, { name = "kernel", package = { name = "kernel" } }]
build_dependencies = [{ name = "fixme", package = { name = "fixme" } }]
dev_dependencies = [{ name = "propane", package = { name = "propane" } }]

[[packages]]
name = "suri"
root = "packages/suri"
provenance = { kind = "workspace" }
dependencies = [{ name = "blink", package = { name = "blink" } }, { name = "http", package = { name = "http" } }, { name = "riot-model", package = { name = "riot-model" } }, { name = "std", package = { name = "std" } }]
build_dependencies = []
dev_dependencies = []

[[packages]]
name = "swisstable"
root = "packages/swisstable"
provenance = { kind = "workspace" }
dependencies = [{ name = "kernel", package = { name = "kernel" } }, { name = "propane", package = { name = "propane" } }, { name = "std", package = { name = "std" } }]
build_dependencies = []
dev_dependencies = []

[[packages]]
name = "syn"
root = "packages/syn"
provenance = { kind = "workspace" }
dependencies = [{ name = "ceibo", package = { name = "ceibo" } }, { name = "colors", package = { name = "colors" } }, { name = "std", package = { name = "std" } }, { name = "tty", package = { name = "tty" } }]
build_dependencies = []
dev_dependencies = []

[[packages]]
name = "tty"
root = "packages/tty"
provenance = { kind = "workspace" }
dependencies = [{ name = "std", package = { name = "std" } }]
build_dependencies = []
dev_dependencies = []

[[packages]]
name = "riot-cli"
root = "packages/riot-cli"
provenance = { kind = "workspace" }
dependencies = [{ name = "pkgs-ml", package = { name = "pkgs-ml" } }, { name = "riot-build", package = { name = "riot-build" } }, { name = "riot-deps", package = { name = "riot-deps" } }, { name = "riot-executor", package = { name = "riot-executor" } }, { name = "riot-fix", package = { name = "riot-fix" } }, { name = "riot-fmt", package = { name = "riot-fmt" } }, { name = "riot-init", package = { name = "riot-init" } }, { name = "riot-lsp", package = { name = "riot-lsp" } }, { name = "riot-model", package = { name = "riot-model" } }, { name = "riot-planner", package = { name = "riot-planner" } }, { name = "riot-publish", package = { name = "riot-publish" } }, { name = "riot-store", package = { name = "riot-store" } }, { name = "riot-toolchain", package = { name = "riot-toolchain" } }, { name = "std", package = { name = "std" } }, { name = "tty", package = { name = "tty" } }]
build_dependencies = []
dev_dependencies = []

[[packages]]
name = "riot-cmd"
root = "packages/riot-cmd"
provenance = { kind = "workspace" }
dependencies = [{ name = "std", package = { name = "std" } }]
build_dependencies = []
dev_dependencies = []

[[packages]]
name = "riot-eval"
root = "packages/riot-eval"
provenance = { kind = "workspace" }
dependencies = [{ name = "riot-toolchain", package = { name = "riot-toolchain" } }, { name = "std", package = { name = "std" } }, { name = "syn", package = { name = "syn" } }]
build_dependencies = []
dev_dependencies = []

[[packages]]
name = "riot-executor"
root = "packages/riot-executor"
provenance = { kind = "workspace" }
dependencies = [{ name = "riot-model", package = { name = "riot-planner" } }, { name = "riot-planner", package = { name = "riot-planner" } }, { name = "riot-store", package = { name = "riot-planner" } }, { name = "riot-toolchain", package = { name = "riot-planner" } }, { name = "std", package = { name = "riot-planner" } }]
build_dependencies = []
dev_dependencies = []

[[packages]]
name = "riot-fix"
root = "packages/riot-fix"
provenance = { kind = "workspace" }
dependencies = [{ name = "fixme", package = { name = "fixme" } }, { name = "riot-model", package = { name = "riot-model" } }, { name = "std", package = { name = "std" } }, { name = "syn", package = { name = "syn" } }]
build_dependencies = []
dev_dependencies = []

[[packages]]
name = "riot-fmt"
root = "packages/riot-fmt"
provenance = { kind = "workspace" }
dependencies = [{ name = "krasny", package = { name = "krasny" } }, { name = "riot-model", package = { name = "riot-model" } }, { name = "std", package = { name = "std" } }]
build_dependencies = []
dev_dependencies = []

[[packages]]
name = "riot-init"
root = "packages/riot-init"
provenance = { kind = "workspace" }
dependencies = [{ name = "riot-model", package = { name = "riot-model" } }, { name = "std", package = { name = "std" } }]
build_dependencies = []
dev_dependencies = []

[[packages]]
name = "riot-model"
root = "packages/riot-model"
provenance = { kind = "workspace" }
dependencies = [{ name = "std", package = { name = "std" } }]
build_dependencies = []
dev_dependencies = []

[[packages]]
name = "riot-deps"
root = "packages/riot-deps"
provenance = { kind = "workspace" }
dependencies = [{ name = "pkgs-ml", package = { name = "pkgs-ml" } }, { name = "pubgrub", package = { name = "pubgrub" } }, { name = "riot-executor", package = { name = "riot-executor" } }, { name = "riot-fix", package = { name = "riot-fix" } }, { name = "riot-fmt", package = { name = "riot-fmt" } }, { name = "riot-model", package = { name = "riot-model" } }, { name = "riot-planner", package = { name = "riot-planner" } }, { name = "riot-store", package = { name = "riot-store" } }, { name = "riot-toolchain", package = { name = "riot-toolchain" } }, { name = "std", package = { name = "std" } }]
build_dependencies = []
dev_dependencies = []

[[packages]]
name = "riot-publish"
root = "packages/riot-publish"
provenance = { kind = "workspace" }
dependencies = [{ name = "pkgs-ml", package = { name = "pkgs-ml" } }, { name = "riot-build", package = { name = "riot-build" } }, { name = "riot-deps", package = { name = "riot-deps" } }, { name = "riot-fix", package = { name = "riot-fix" } }, { name = "riot-fmt", package = { name = "riot-fmt" } }, { name = "riot-model", package = { name = "riot-model" } }, { name = "std", package = { name = "std" } }]
build_dependencies = []
dev_dependencies = []

[[packages]]
name = "riot-planner"
root = "packages/riot-planner"
provenance = { kind = "workspace" }
dependencies = [{ name = "riot-model", package = { name = "riot-model" } }, { name = "riot-store", package = { name = "riot-store" } }, { name = "riot-toolchain", package = { name = "riot-toolchain" } }, { name = "std", package = { name = "std" } }, { name = "syn", package = { name = "syn" } }]
build_dependencies = []
dev_dependencies = []

[[packages]]
name = "riot-repl"
root = "packages/riot-repl"
provenance = { kind = "workspace" }
dependencies = [{ name = "std", package = { name = "std" } }]
build_dependencies = []
dev_dependencies = []

[[packages]]
name = "riot-build"
root = "packages/riot-build"
provenance = { kind = "workspace" }
dependencies = [{ name = "pkgs-ml", package = { name = "pkgs-ml" } }, { name = "riot-deps", package = { name = "riot-deps" } }, { name = "riot-executor", package = { name = "riot-executor" } }, { name = "riot-model", package = { name = "riot-model" } }, { name = "riot-planner", package = { name = "riot-planner" } }, { name = "riot-store", package = { name = "riot-store" } }, { name = "riot-toolchain", package = { name = "riot-toolchain" } }, { name = "std", package = { name = "std" } }]
build_dependencies = []
dev_dependencies = []

[[packages]]
name = "riot-lsp"
root = "packages/riot-lsp"
provenance = { kind = "workspace" }
dependencies = [{ name = "jsonrpc", package = { name = "jsonrpc" } }, { name = "lsp", package = { name = "lsp" } }, { name = "std", package = { name = "std" } }, { name = "syn", package = { name = "syn" } }]
build_dependencies = []
dev_dependencies = []

[[packages]]
name = "riot-store"
root = "packages/riot-store"
provenance = { kind = "workspace" }
dependencies = [{ name = "riot-model", package = { name = "riot-model" } }, { name = "std", package = { name = "std" } }]
build_dependencies = []
dev_dependencies = []

[[packages]]
name = "riot-toolchain"
root = "packages/riot-toolchain"
provenance = { kind = "workspace" }
dependencies = [{ name = "riot-model", package = { name = "riot-model" } }, { name = "std", package = { name = "std" } }]
build_dependencies = []
dev_dependencies = []

[[packages]]
name = "registry"
root = "services/registry"
provenance = { kind = "workspace" }
dependencies = [{ name = "std", package = { name = "std" } }]
build_dependencies = []
dev_dependencies = []
