format_version = 1

dependency_hash = "f6ef2d5fbc71ac13"

[[packages]]
name = "base"
root = "base"
provenance = { kind = "workspace" }
dependencies = []
build_dependencies = []
dev_dependencies = []

[[packages]]
name = "leaf"
root = "leaf"
provenance = { kind = "workspace" }
dependencies = [{ name = "base", package = { name = "base" } }]
build_dependencies = []
dev_dependencies = []
